# This file is automatically @generated by Cargo.
# It is not intended for manual editing.
version = 3

[[package]]
name = "avr-mcu"
version = "0.1.0"
source = "registry+https://github.com/rust-lang/crates.io-index"
checksum = "9a9db6dd0cc7805ab69cc690363da238ebbb0b0c66edd16476edd72baa9a59b5"
dependencies = [
 "lazy_static",
 "xmltree",
]

[[package]]
name = "avrd"
version = "0.1.2"
source = "registry+https://github.com/rust-lang/crates.io-index"
checksum = "62dc50ba9a4097e3ccd5c058d6a5cb5578819e68163393441f20da4a57e9e4e5"
dependencies = [
 "avr-mcu",
]

[[package]]
name = "bitflags"
version = "0.7.0"
source = "registry+https://github.com/rust-lang/crates.io-index"
checksum = "aad18937a628ec6abcd26d1489012cc0e18c21798210f491af69ded9b881106d"

[[package]]
name = "lazy_static"
version = "0.2.11"
source = "registry+https://github.com/rust-lang/crates.io-index"
checksum = "76f033c7ad61445c5b347c7382dd1237847eb1bce590fe50365dcb33d546be73"

[[package]]
name = "rust-avr-test"
version = "0.1.0"
dependencies = [
 "avrd",
]

[[package]]
name = "xml-rs"
version = "0.4.1"
source = "registry+https://github.com/rust-lang/crates.io-index"
checksum = "b46ee689ba7a669c08a1170c2348d2516c62dc461135c9e86b2f1f476e07be4a"
dependencies = [
 "bitflags",
]

[[package]]
name = "xmltree"
version = "0.4.0"
source = "registry+https://github.com/rust-lang/crates.io-index"
checksum = "973f1a8be3ef2ce1388e0821093ce67d5eb4c2e897e88866e2ed6dd7a63920ed"
dependencies = [
 "xml-rs",
]
